
Microsoft Visual Studio Solution File, Format Version 12.00
# Visual Studio Version 17
VisualStudioVersion = 17.10.35122.118
MinimumVisualStudioVersion = 10.0.40219.1
Project("{2150E333-8FDC-42A3-9474-1A3956D46DE8}") = "src", "src", "{EFB072E3-5CEB-48C3-85C8-2F857EADCF05}"
EndProject
Project("{2150E333-8FDC-42A3-9474-1A3956D46DE8}") = "Api", "Api", "{560B3388-30CA-4363-AF3C-79A32D756A58}"
EndProject
Project("{2150E333-8FDC-42A3-9474-1A3956D46DE8}") = "Clients", "Clients", "{9ADA0E94-F57A-444A-8051-BDBFE7ED419A}"
EndProject
Project("{2150E333-8FDC-42A3-9474-1A3956D46DE8}") = "Common", "Common", "{69F8EB12-F0D4-4625-8A33-A2533AAC32F5}"
EndProject
Project("{2150E333-8FDC-42A3-9474-1A3956D46DE8}") = "Projections", "Projections", "{E15BE62F-4708-4E55-B063-589677A12D59}"
EndProject
Project("{2150E333-8FDC-42A3-9474-1A3956D46DE8}") = "Core", "Core", "{44763AD6-8D25-4A82-9653-F010A7105C69}"
EndProject
Project("{2150E333-8FDC-42A3-9474-1A3956D46DE8}") = "Infastructure", "Infastructure", "{ECE6A930-4329-4F70-8268-7812DBC0F0A6}"
EndProject
Project("{2150E333-8FDC-42A3-9474-1A3956D46DE8}") = "WebApi", "WebApi", "{6777DA2E-C0F8-47E9-A459-FD1A2E0EB6ED}"
EndProject
Project("{2150E333-8FDC-42A3-9474-1A3956D46DE8}") = "BlazorWeb", "BlazorWeb", "{8D29D748-390F-4DB4-A3AB-6D641599ADAB}"
EndProject
Project("{FAE04EC0-301F-11D3-BF4B-00C04F79EFBC}") = "BlazorSozluk.Common", "src\Common\BlazorSozluk.Common\BlazorSozluk.Common.csproj", "{2D2B3D9B-8510-435F-BE1B-A72B4F926FEF}"
EndProject
Project("{FAE04EC0-301F-11D3-BF4B-00C04F79EFBC}") = "BlazorSozluk.Api.Domain", "src\Api\Core\BlazorSozluk.Api.Domain\BlazorSozluk.Api.Domain.csproj", "{D13CE73F-E881-48A0-8E09-5AF34C3AC019}"
EndProject
Project("{FAE04EC0-301F-11D3-BF4B-00C04F79EFBC}") = "BlazorSozluk.Api.Application", "src\Api\Core\BlazorSozluk.Api.Application\BlazorSozluk.Api.Application.csproj", "{DDE2EF3F-24EF-41FE-92AC-4ABECF5439C6}"
EndProject
Project("{FAE04EC0-301F-11D3-BF4B-00C04F79EFBC}") = "BlazorSozluk.Infastructure.Persistance", "src\Api\Infastructure\BlazorSozluk.Infastructure.Persistance\BlazorSozluk.Infastructure.Persistance.csproj", "{C0A03509-DC5A-4438-8CF1-9E18B6EA2F50}"
EndProject
Project("{FAE04EC0-301F-11D3-BF4B-00C04F79EFBC}") = "BlazorSozluk.Api.WebApi", "src\Api\WebApi\BlazorSozluk.Api.WebApi\BlazorSozluk.Api.WebApi.csproj", "{CCF724CD-B2D3-4298-B52C-B38BB678F689}"
EndProject
Project("{FAE04EC0-301F-11D3-BF4B-00C04F79EFBC}") = "BlazorSozluk.Projections.FavoriteService", "src\Projections\BlazorSozluk.Projections.FavoriteService\BlazorSozluk.Projections.FavoriteService.csproj", "{2254C83E-9E86-40CD-BD61-D40FC0F57D99}"
EndProject
Project("{FAE04EC0-301F-11D3-BF4B-00C04F79EFBC}") = "BlazorSozluk.Projections.UserService", "src\Projections\BlazorSozluk.Projections.User\BlazorSozluk.Projections.UserService.csproj", "{92EAAE48-413B-4A20-A9DD-4EE47ADAA3A2}"
EndProject
Project("{FAE04EC0-301F-11D3-BF4B-00C04F79EFBC}") = "BlazorSozluk.Projections.VoteService", "src\Projections\BlazorSozluk.Projections.VoteService\BlazorSozluk.Projections.VoteService.csproj", "{ECAA80FC-8403-4BBE-8237-25A89BF7B00D}"
EndProject
Project("{FAE04EC0-301F-11D3-BF4B-00C04F79EFBC}") = "BlazorSozluk.WebApp", "src\Clients\BlazorWeb\BlazorSozluk.WebApp\BlazorSozluk.WebApp.csproj", "{A73569C7-DDDF-46E3-9636-E28670810F8B}"
EndProject
Global
	GlobalSection(SolutionConfigurationPlatforms) = preSolution
		Debug|Any CPU = Debug|Any CPU
		Release|Any CPU = Release|Any CPU
	EndGlobalSection
	GlobalSection(ProjectConfigurationPlatforms) = postSolution
		{2D2B3D9B-8510-435F-BE1B-A72B4F926FEF}.Debug|Any CPU.ActiveCfg = Debug|Any CPU
		{2D2B3D9B-8510-435F-BE1B-A72B4F926FEF}.Debug|Any CPU.Build.0 = Debug|Any CPU
		{2D2B3D9B-8510-435F-BE1B-A72B4F926FEF}.Release|Any CPU.ActiveCfg = Release|Any CPU
		{2D2B3D9B-8510-435F-BE1B-A72B4F926FEF}.Release|Any CPU.Build.0 = Release|Any CPU
		{D13CE73F-E881-48A0-8E09-5AF34C3AC019}.Debug|Any CPU.ActiveCfg = Debug|Any CPU
		{D13CE73F-E881-48A0-8E09-5AF34C3AC019}.Debug|Any CPU.Build.0 = Debug|Any CPU
		{D13CE73F-E881-48A0-8E09-5AF34C3AC019}.Release|Any CPU.ActiveCfg = Release|Any CPU
		{D13CE73F-E881-48A0-8E09-5AF34C3AC019}.Release|Any CPU.Build.0 = Release|Any CPU
		{DDE2EF3F-24EF-41FE-92AC-4ABECF5439C6}.Debug|Any CPU.ActiveCfg = Debug|Any CPU
		{DDE2EF3F-24EF-41FE-92AC-4ABECF5439C6}.Debug|Any CPU.Build.0 = Debug|Any CPU
		{DDE2EF3F-24EF-41FE-92AC-4ABECF5439C6}.Release|Any CPU.ActiveCfg = Release|Any CPU
		{DDE2EF3F-24EF-41FE-92AC-4ABECF5439C6}.Release|Any CPU.Build.0 = Release|Any CPU
		{C0A03509-DC5A-4438-8CF1-9E18B6EA2F50}.Debug|Any CPU.ActiveCfg = Debug|Any CPU
		{C0A03509-DC5A-4438-8CF1-9E18B6EA2F50}.Debug|Any CPU.Build.0 = Debug|Any CPU
		{C0A03509-DC5A-4438-8CF1-9E18B6EA2F50}.Release|Any CPU.ActiveCfg = Release|Any CPU
		{C0A03509-DC5A-4438-8CF1-9E18B6EA2F50}.Release|Any CPU.Build.0 = Release|Any CPU
		{CCF724CD-B2D3-4298-B52C-B38BB678F689}.Debug|Any CPU.ActiveCfg = Debug|Any CPU
		{CCF724CD-B2D3-4298-B52C-B38BB678F689}.Debug|Any CPU.Build.0 = Debug|Any CPU
		{CCF724CD-B2D3-4298-B52C-B38BB678F689}.Release|Any CPU.ActiveCfg = Release|Any CPU
		{CCF724CD-B2D3-4298-B52C-B38BB678F689}.Release|Any CPU.Build.0 = Release|Any CPU
		{2254C83E-9E86-40CD-BD61-D40FC0F57D99}.Debug|Any CPU.ActiveCfg = Debug|Any CPU
		{2254C83E-9E86-40CD-BD61-D40FC0F57D99}.Debug|Any CPU.Build.0 = Debug|Any CPU
		{2254C83E-9E86-40CD-BD61-D40FC0F57D99}.Release|Any CPU.ActiveCfg = Release|Any CPU
		{2254C83E-9E86-40CD-BD61-D40FC0F57D99}.Release|Any CPU.Build.0 = Release|Any CPU
		{92EAAE48-413B-4A20-A9DD-4EE47ADAA3A2}.Debug|Any CPU.ActiveCfg = Debug|Any CPU
		{92EAAE48-413B-4A20-A9DD-4EE47ADAA3A2}.Debug|Any CPU.Build.0 = Debug|Any CPU
		{92EAAE48-413B-4A20-A9DD-4EE47ADAA3A2}.Release|Any CPU.ActiveCfg = Release|Any CPU
		{92EAAE48-413B-4A20-A9DD-4EE47ADAA3A2}.Release|Any CPU.Build.0 = Release|Any CPU
		{ECAA80FC-8403-4BBE-8237-25A89BF7B00D}.Debug|Any CPU.ActiveCfg = Debug|Any CPU
		{ECAA80FC-8403-4BBE-8237-25A89BF7B00D}.Debug|Any CPU.Build.0 = Debug|Any CPU
		{ECAA80FC-8403-4BBE-8237-25A89BF7B00D}.Release|Any CPU.ActiveCfg = Release|Any CPU
		{ECAA80FC-8403-4BBE-8237-25A89BF7B00D}.Release|Any CPU.Build.0 = Release|Any CPU
		{A73569C7-DDDF-46E3-9636-E28670810F8B}.Debug|Any CPU.ActiveCfg = Debug|Any CPU
		{A73569C7-DDDF-46E3-9636-E28670810F8B}.Debug|Any CPU.Build.0 = Debug|Any CPU
		{A73569C7-DDDF-46E3-9636-E28670810F8B}.Release|Any CPU.ActiveCfg = Release|Any CPU
		{A73569C7-DDDF-46E3-9636-E28670810F8B}.Release|Any CPU.Build.0 = Release|Any CPU
	EndGlobalSection
	GlobalSection(SolutionProperties) = preSolution
		HideSolutionNode = FALSE
	EndGlobalSection
	GlobalSection(NestedProjects) = preSolution
		{560B3388-30CA-4363-AF3C-79A32D756A58} = {EFB072E3-5CEB-48C3-85C8-2F857EADCF05}
		{9ADA0E94-F57A-444A-8051-BDBFE7ED419A} = {EFB072E3-5CEB-48C3-85C8-2F857EADCF05}
		{69F8EB12-F0D4-4625-8A33-A2533AAC32F5} = {EFB072E3-5CEB-48C3-85C8-2F857EADCF05}
		{E15BE62F-4708-4E55-B063-589677A12D59} = {EFB072E3-5CEB-48C3-85C8-2F857EADCF05}
		{44763AD6-8D25-4A82-9653-F010A7105C69} = {560B3388-30CA-4363-AF3C-79A32D756A58}
		{ECE6A930-4329-4F70-8268-7812DBC0F0A6} = {560B3388-30CA-4363-AF3C-79A32D756A58}
		{6777DA2E-C0F8-47E9-A459-FD1A2E0EB6ED} = {560B3388-30CA-4363-AF3C-79A32D756A58}
		{8D29D748-390F-4DB4-A3AB-6D641599ADAB} = {9ADA0E94-F57A-444A-8051-BDBFE7ED419A}
		{2D2B3D9B-8510-435F-BE1B-A72B4F926FEF} = {69F8EB12-F0D4-4625-8A33-A2533AAC32F5}
		{D13CE73F-E881-48A0-8E09-5AF34C3AC019} = {44763AD6-8D25-4A82-9653-F010A7105C69}
		{DDE2EF3F-24EF-41FE-92AC-4ABECF5439C6} = {44763AD6-8D25-4A82-9653-F010A7105C69}
		{C0A03509-DC5A-4438-8CF1-9E18B6EA2F50} = {ECE6A930-4329-4F70-8268-7812DBC0F0A6}
		{CCF724CD-B2D3-4298-B52C-B38BB678F689} = {6777DA2E-C0F8-47E9-A459-FD1A2E0EB6ED}
		{2254C83E-9E86-40CD-BD61-D40FC0F57D99} = {E15BE62F-4708-4E55-B063-589677A12D59}
		{92EAAE48-413B-4A20-A9DD-4EE47ADAA3A2} = {E15BE62F-4708-4E55-B063-589677A12D59}
		{ECAA80FC-8403-4BBE-8237-25A89BF7B00D} = {E15BE62F-4708-4E55-B063-589677A12D59}
		{A73569C7-DDDF-46E3-9636-E28670810F8B} = {8D29D748-390F-4DB4-A3AB-6D641599ADAB}
	EndGlobalSection
	GlobalSection(ExtensibilityGlobals) = postSolution
		SolutionGuid = {15156B97-93FA-4C94-9F99-A76282175B2B}
	EndGlobalSection
EndGlobal
